
Microsoft Visual Studio Solution File, Format Version 12.00
# Visual Studio 2013
VisualStudioVersion = 12.0.40629.0
MinimumVisualStudioVersion = 10.0.40219.1
Project("{FAE04EC0-301F-11D3-BF4B-00C04F79EFBC}") = "MVCSendGridJenkinsProDev", "MVCSendGripJenkinsProDev\MVCSendGridJenkinsProDev.csproj", "{FA653E04-69B1-4A54-A24C-891548D41979}"
EndProject
Project("{FAE04EC0-301F-11D3-BF4B-00C04F79EFBC}") = "MVCSendGridJenkinsProDev.Tests", "MVCSendGridJenkinsProDev.Tests\MVCSendGridJenkinsProDev.Tests.csproj", "{D09845B0-0A98-4F00-B7F8-86C234719C29}"
EndProject
Global
	GlobalSection(SolutionConfigurationPlatforms) = preSolution
		Debug|Any CPU = Debug|Any CPU
		Release|Any CPU = Release|Any CPU
	EndGlobalSection
	GlobalSection(ProjectConfigurationPlatforms) = postSolution
		{FA653E04-69B1-4A54-A24C-891548D41979}.Debug|Any CPU.ActiveCfg = Debug|Any CPU
		{FA653E04-69B1-4A54-A24C-891548D41979}.Debug|Any CPU.Build.0 = Debug|Any CPU
		{FA653E04-69B1-4A54-A24C-891548D41979}.Release|Any CPU.ActiveCfg = Release|Any CPU
		{FA653E04-69B1-4A54-A24C-891548D41979}.Release|Any CPU.Build.0 = Release|Any CPU
		{D09845B0-0A98-4F00-B7F8-86C234719C29}.Debug|Any CPU.ActiveCfg = Debug|Any CPU
		{D09845B0-0A98-4F00-B7F8-86C234719C29}.Debug|Any CPU.Build.0 = Debug|Any CPU
		{D09845B0-0A98-4F00-B7F8-86C234719C29}.Release|Any CPU.ActiveCfg = Release|Any CPU
		{D09845B0-0A98-4F00-B7F8-86C234719C29}.Release|Any CPU.Build.0 = Release|Any CPU
	EndGlobalSection
	GlobalSection(SolutionProperties) = preSolution
		HideSolutionNode = FALSE
	EndGlobalSection
EndGlobal
